// !$*UTF8*$!
{
       archiveVersion = 1;
       classes = {
       };
       objectVersion = 46;
       objects = {

/* Begin PBXAggregateTarget section */
              7263F3B047124C4F82C9448F /* ALL_BUILD */ = {
                     isa = PBXAggregateTarget;
                     buildConfigurationList = 2F3125014C6E4BCDBA623AA9 /* Build configuration list for PBXAggregateTarget "ALL_BUILD" */;
                     buildPhases = (
                            CFE3B4F7266945A8BD10A059 /* CMake Rules */,
                     );
                     dependencies = (
                            9645715898934F969A1020E2 /* PBXTargetDependency */,
                            7570BF893BF44FC888FD331F /* PBXTargetDependency */,
                     );
                     name = ALL_BUILD;
                     productName = ALL_BUILD;
              };
              778B6CC58A9E408FA4CE8066 /* ZERO_CHECK */ = {
                     isa = PBXAggregateTarget;
                     buildConfigurationList = CB7FBC84339248ACAFD256B4 /* Build configuration list for PBXAggregateTarget "ZERO_CHECK" */;
                     buildPhases = (
                            F2C7D628108048E69D25AE9A /* CMake Rules */,
                     );
                     dependencies = (
                     );
                     name = ZERO_CHECK;
                     productName = ZERO_CHECK;
              };
/* End PBXAggregateTarget section */

/* Begin PBXBuildFile section */
5852196FE26F41E09DBEC3CD /* /Users/ope/Desktop/lynx/CMakeLists.txt */ = {isa = PBXBuildFile; fileRef = 8881658F1A4E4502B25E22E6 /* /Users/ope/Desktop/lynx/CMakeLists.txt */; settings = { COMPILER_FLAGS = ""; }; };
A1D2C3179AF94B2B8F3D89B6 /* /Users/ope/Desktop/lynx/main.cpp */ = {isa = PBXBuildFile; fileRef = 7473CFDBE0894EDF899CA240 /* /Users/ope/Desktop/lynx/main.cpp */; settings = { COMPILER_FLAGS = ""; }; };
99CA2170D17F4B8B95E742C0 /* /Users/ope/Desktop/lynx/proj/osx-xcode/CMakeFiles/lynx.dir/Info.plist */ = {isa = PBXBuildFile; fileRef = 0B2020B6B8324D62A8261AED /* /Users/ope/Desktop/lynx/proj/osx-xcode/CMakeFiles/lynx.dir/Info.plist */; settings = { COMPILER_FLAGS = ""; }; };
/* End PBXBuildFile section */

/* Begin PBXBuildStyle section */
              962E3DD6DE7645C488FA602B /*  */ = {
                     isa = PBXBuildStyle;
              };
              8DF30007C8E6473B9986EA83 /* Debug */ = {
                     isa = PBXBuildStyle;
                     buildSettings = {
                            COPY_PHASE_STRIP = NO;
                     };
                     name = Debug;
              };
              573C2BBFE49948198F5387F3 /* Release */ = {
                     isa = PBXBuildStyle;
                     buildSettings = {
                            COPY_PHASE_STRIP = NO;
                     };
                     name = Release;
              };
              A16965C9369A4E8C82A9D2BF /* MinSizeRel */ = {
                     isa = PBXBuildStyle;
                     buildSettings = {
                            COPY_PHASE_STRIP = NO;
                     };
                     name = MinSizeRel;
              };
              1830FC4130D34302B2C7790A /* RelWithDebInfo */ = {
                     isa = PBXBuildStyle;
                     buildSettings = {
                            COPY_PHASE_STRIP = NO;
                     };
                     name = RelWithDebInfo;
              };
/* End PBXBuildStyle section */

/* Begin PBXContainerItemProxy section */
              034CC9C39A554F9C94A8B6C3 /* PBXContainerItemProxy */ = {
                     isa = PBXContainerItemProxy;
                     containerPortal = EBE64A0D1337409392D1EF13 /* Project object */;
                     proxyType = 1;
                     remoteGlobalIDString = 2E02E7A5511F40BA93D4A15B;
                     remoteInfo = lynx;
              };
              2CE138233E7D44C79A9C9793 /* PBXContainerItemProxy */ = {
                     isa = PBXContainerItemProxy;
                     containerPortal = EBE64A0D1337409392D1EF13 /* Project object */;
                     proxyType = 1;
                     remoteGlobalIDString = 778B6CC58A9E408FA4CE8066;
                     remoteInfo = ZERO_CHECK;
              };
              7AE172DFBAB940AE85F3480D /* PBXContainerItemProxy */ = {
                     isa = PBXContainerItemProxy;
                     containerPortal = EBE64A0D1337409392D1EF13 /* Project object */;
                     proxyType = 1;
                     remoteGlobalIDString = 778B6CC58A9E408FA4CE8066;
                     remoteInfo = ZERO_CHECK;
              };
/* End PBXContainerItemProxy section */

/* Begin PBXFileReference section */
80E7D4A8DFD842C8848B6938 /* /Users/ope/Desktop/lynx/CMakeLists.txt */ = {isa = PBXFileReference; explicitFileType = "sourcecode.text"; fileEncoding = 4; name = "CMakeLists.txt"; path = "CMakeLists.txt"; sourceTree = SOURCE_ROOT; };
3E853D0666D547F79EBC6086 /* /Users/ope/Desktop/lynx/CMakeLists.txt */ = {isa = PBXFileReference; explicitFileType = "sourcecode.text"; fileEncoding = 4; name = "CMakeLists.txt"; path = "CMakeLists.txt"; sourceTree = SOURCE_ROOT; };
8881658F1A4E4502B25E22E6 /* /Users/ope/Desktop/lynx/CMakeLists.txt */ = {isa = PBXFileReference; explicitFileType = "sourcecode.text"; fileEncoding = 4; name = "CMakeLists.txt"; path = "CMakeLists.txt"; sourceTree = SOURCE_ROOT; };
7473CFDBE0894EDF899CA240 /* /Users/ope/Desktop/lynx/main.cpp */ = {isa = PBXFileReference; explicitFileType = "sourcecode.cpp.cpp"; fileEncoding = 4; name = "main.cpp"; path = "main.cpp"; sourceTree = SOURCE_ROOT; };
0B2020B6B8324D62A8261AED /* /Users/ope/Desktop/lynx/proj/osx-xcode/CMakeFiles/lynx.dir/Info.plist */ = {isa = PBXFileReference; explicitFileType = "sourcecode.text.plist"; fileEncoding = 4; name = "Info.plist"; path = "proj/osx-xcode/CMakeFiles/lynx.dir/Info.plist"; sourceTree = SOURCE_ROOT; };
F7E196E0864A45BB8188724A /* lynx */ = {isa = PBXFileReference; explicitFileType = "compiled.mach-o.executable"; path = lynx; refType = 0; sourceTree = BUILT_PRODUCTS_DIR; };
/* End PBXFileReference section */

/* Begin PBXGroup section */
              BFBFA796BCBD4EEEB44C1995  = {
                     isa = PBXGroup;
                     children = (
                            920944F345B94ECEA197896F /* Sources */,
                            590846744BA34FA8A40AFA5B /* Resources */,
                            440EE2763F4A41FB92BBF10A /* Products */,
                     );
                     sourceTree = "<group>";
              };
              920944F345B94ECEA197896F /* Sources */ = {
                     isa = PBXGroup;
                     children = (
                            C9FFE7C1B16140AC9BF9E6FC /* ALL_BUILD */,
                            2BA8BF70BAE046B992A8D28D /* ZERO_CHECK */,
                            CA748CAA22EB46D2B749B91B /* lynx */,
                     );
                     name = Sources;
                     sourceTree = "<group>";
              };
              590846744BA34FA8A40AFA5B /* Resources */ = {
                     isa = PBXGroup;
                     children = (
                     );
                     name = Resources;
                     sourceTree = "<group>";
              };
              C9FFE7C1B16140AC9BF9E6FC /* ALL_BUILD */ = {
                     isa = PBXGroup;
                     children = (
                            13476CEAE6824397BDE9A513 /* CMake Rules */,
                            80E7D4A8DFD842C8848B6938 /* /Users/ope/Desktop/lynx/CMakeLists.txt */,
                     );
                     name = ALL_BUILD;
                     sourceTree = "<group>";
              };
              13476CEAE6824397BDE9A513 /* CMake Rules */ = {
                     isa = PBXGroup;
                     children = (
                     );
                     name = "CMake Rules";
                     sourceTree = "<group>";
              };
              2BA8BF70BAE046B992A8D28D /* ZERO_CHECK */ = {
                     isa = PBXGroup;
                     children = (
                            B1B936163FF7467695BFA212 /* CMake Rules */,
                            3E853D0666D547F79EBC6086 /* /Users/ope/Desktop/lynx/CMakeLists.txt */,
                     );
                     name = ZERO_CHECK;
                     sourceTree = "<group>";
              };
              B1B936163FF7467695BFA212 /* CMake Rules */ = {
                     isa = PBXGroup;
                     children = (
                     );
                     name = "CMake Rules";
                     sourceTree = "<group>";
              };
              CA748CAA22EB46D2B749B91B /* lynx */ = {
                     isa = PBXGroup;
                     children = (
                            54BCA7B612E44CB6A5BB132E /* Source Files */,
                            1699A8062FB1428EB3042D9A /* Resources */,
                            8881658F1A4E4502B25E22E6 /* /Users/ope/Desktop/lynx/CMakeLists.txt */,
                     );
                     name = lynx;
                     sourceTree = "<group>";
              };
              54BCA7B612E44CB6A5BB132E /* Source Files */ = {
                     isa = PBXGroup;
                     children = (
                            7473CFDBE0894EDF899CA240 /* /Users/ope/Desktop/lynx/main.cpp */,
                     );
                     name = "Source Files";
                     sourceTree = "<group>";
              };
              1699A8062FB1428EB3042D9A /* Resources */ = {
                     isa = PBXGroup;
                     children = (
                            0B2020B6B8324D62A8261AED /* /Users/ope/Desktop/lynx/proj/osx-xcode/CMakeFiles/lynx.dir/Info.plist */,
                     );
                     name = Resources;
                     sourceTree = "<group>";
              };
              440EE2763F4A41FB92BBF10A /* Products */ = {
                     isa = PBXGroup;
                     children = (
                            F7E196E0864A45BB8188724A /* lynx */,
                     );
                     name = Products;
                     sourceTree = "<group>";
              };
/* End PBXGroup section */

/* Begin PBXNativeTarget section */
              2E02E7A5511F40BA93D4A15B /* lynx */ = {
                     isa = PBXNativeTarget;
                     buildConfigurationList = 7E44154758AF48D0BA08F4AE /* Build configuration list for PBXNativeTarget "lynx" */;
                     buildPhases = (
                            3E6113C3132045BEB335D098 /* Sources */,
                     );
                     buildRules = (
                     );
                     dependencies = (
                            C25CDE64E9B84129A22987A0 /* PBXTargetDependency */,
                     );
                     name = lynx;
                     productName = lynx;
                     productReference = F7E196E0864A45BB8188724A /* lynx */;
                     productType = "com.apple.product-type.application";
              };
/* End PBXNativeTarget section */

/* Begin PBXProject section */
              EBE64A0D1337409392D1EF13 /* Project object */ = {
                     isa = PBXProject;
                     attributes = {
                            BuildIndependentTargetsInParallel = YES;
                     };
                     buildConfigurationList = C962FA327C814F60A2F0E072 /* Build configuration list for PBXProject  "lynx" */;
                     buildSettings = {
                     };
                     buildStyles = (
                            8DF30007C8E6473B9986EA83 /* Debug */,
                            573C2BBFE49948198F5387F3 /* Release */,
                            A16965C9369A4E8C82A9D2BF /* MinSizeRel */,
                            1830FC4130D34302B2C7790A /* RelWithDebInfo */,
                     );
                     compatibilityVersion = "Xcode 3.2";
                     hasScannedForEncodings = 0;
                     mainGroup = BFBFA796BCBD4EEEB44C1995;
                     projectDirPath = "../..";
                     projectRoot = "";
                     targets = (
                            7263F3B047124C4F82C9448F /* ALL_BUILD */,
                            778B6CC58A9E408FA4CE8066 /* ZERO_CHECK */,
                            2E02E7A5511F40BA93D4A15B /* lynx */,
                     );
              };
/* End PBXProject section */

/* Begin PBXShellScriptBuildPhase section */
              1BAF7C1818DF447E9545686D /*  */ = {
                     isa = PBXShellScriptBuildPhase;
                     buildActionMask = 2147483647;
                     files = (
                     );
                     inputPaths = (
                     );
                     outputPaths = (
                     );
                     runOnlyForDeploymentPostprocessing = 0;
                     shellPath = /bin/sh;
                     shellScript = "# shell script goes here
exit 0";
                     showEnvVarsInLog = 0;
              };
              CFE3B4F7266945A8BD10A059 /* CMake Rules */ = {
                     isa = PBXShellScriptBuildPhase;
                     buildActionMask = 2147483647;
                     files = (
                     );
                     name = "CMake Rules";
                     runOnlyForDeploymentPostprocessing = 0;
                     shellPath = /bin/sh;
                     shellScript = "make -C /Users/ope/Desktop/lynx/proj/osx-xcode -f /Users/ope/Desktop/lynx/proj/osx-xcode/CMakeScripts/ALL_BUILD_cmakeRulesBuildPhase.make$CONFIGURATION all";
                     showEnvVarsInLog = 0;
              };
              68DE72006B45426581702522 /*  */ = {
                     isa = PBXShellScriptBuildPhase;
                     buildActionMask = 2147483647;
                     files = (
                     );
                     inputPaths = (
                     );
                     outputPaths = (
                     );
                     runOnlyForDeploymentPostprocessing = 0;
                     shellPath = /bin/sh;
                     shellScript = "# shell script goes here
exit 0";
                     showEnvVarsInLog = 0;
              };
              F2C7D628108048E69D25AE9A /* CMake Rules */ = {
                     isa = PBXShellScriptBuildPhase;
                     buildActionMask = 2147483647;
                     files = (
                     );
                     name = "CMake Rules";
                     runOnlyForDeploymentPostprocessing = 0;
                     shellPath = /bin/sh;
                     shellScript = "make -C /Users/ope/Desktop/lynx/proj/osx-xcode -f /Users/ope/Desktop/lynx/proj/osx-xcode/CMakeScripts/ZERO_CHECK_cmakeRulesBuildPhase.make$CONFIGURATION all";
                     showEnvVarsInLog = 0;
              };
/* End PBXShellScriptBuildPhase section */

/* Begin PBXSourcesBuildPhase section */
              3E6113C3132045BEB335D098 /* Sources */ = {
                     isa = PBXSourcesBuildPhase;
                     buildActionMask = 2147483647;
                     files = (
                            A1D2C3179AF94B2B8F3D89B6 /* /Users/ope/Desktop/lynx/main.cpp */,
                     );
                     runOnlyForDeploymentPostprocessing = 0;
              };
/* End PBXSourcesBuildPhase section */

/* Begin PBXTargetDependency section */
              9645715898934F969A1020E2 /* PBXTargetDependency */ = {
                     isa = PBXTargetDependency;
                     target = 2E02E7A5511F40BA93D4A15B /* lynx */;
                     targetProxy = 034CC9C39A554F9C94A8B6C3 /* PBXContainerItemProxy */;
              };
              7570BF893BF44FC888FD331F /* PBXTargetDependency */ = {
                     isa = PBXTargetDependency;
                     target = 778B6CC58A9E408FA4CE8066 /* ZERO_CHECK */;
                     targetProxy = 2CE138233E7D44C79A9C9793 /* PBXContainerItemProxy */;
              };
              C25CDE64E9B84129A22987A0 /* PBXTargetDependency */ = {
                     isa = PBXTargetDependency;
                     target = 778B6CC58A9E408FA4CE8066 /* ZERO_CHECK */;
                     targetProxy = 7AE172DFBAB940AE85F3480D /* PBXContainerItemProxy */;
              };
/* End PBXTargetDependency section */

/* Begin XCBuildConfiguration section */
              63AE3FFF420949D79EB3112E /* Debug */ = {
                     isa = XCBuildConfiguration;
                     buildSettings = {
                            ARCHS = "$(ARCHS_STANDARD_32_64_BIT)";
                            ONLY_ACTIVE_ARCH = YES;
                            SDKROOT = "/Applications/Xcode.app/Contents/Developer/Platforms/MacOSX.platform/Developer/SDKs/MacOSX10.10.sdk";
                            SYMROOT = "/Users/ope/Desktop/lynx/proj/osx-xcode/build";
                     };
                     name = Debug;
              };
              6B77EE701E5341A19014A88F /* Release */ = {
                     isa = XCBuildConfiguration;
                     buildSettings = {
                            ARCHS = "$(ARCHS_STANDARD_32_64_BIT)";
                            ONLY_ACTIVE_ARCH = YES;
                            SDKROOT = "/Applications/Xcode.app/Contents/Developer/Platforms/MacOSX.platform/Developer/SDKs/MacOSX10.10.sdk";
                            SYMROOT = "/Users/ope/Desktop/lynx/proj/osx-xcode/build";
                     };
                     name = Release;
              };
              5756B404285446AC8B72A147 /* MinSizeRel */ = {
                     isa = XCBuildConfiguration;
                     buildSettings = {
                            ARCHS = "$(ARCHS_STANDARD_32_64_BIT)";
                            ONLY_ACTIVE_ARCH = YES;
                            SDKROOT = "/Applications/Xcode.app/Contents/Developer/Platforms/MacOSX.platform/Developer/SDKs/MacOSX10.10.sdk";
                            SYMROOT = "/Users/ope/Desktop/lynx/proj/osx-xcode/build";
                     };
                     name = MinSizeRel;
              };
              D35C11AC4A8446DC9D106C45 /* RelWithDebInfo */ = {
                     isa = XCBuildConfiguration;
                     buildSettings = {
                            ARCHS = "$(ARCHS_STANDARD_32_64_BIT)";
                            ONLY_ACTIVE_ARCH = YES;
                            SDKROOT = "/Applications/Xcode.app/Contents/Developer/Platforms/MacOSX.platform/Developer/SDKs/MacOSX10.10.sdk";
                            SYMROOT = "/Users/ope/Desktop/lynx/proj/osx-xcode/build";
                     };
                     name = RelWithDebInfo;
              };
              D55A04D0FD1F4FAD9BC17712 /* Debug */ = {
                     isa = XCBuildConfiguration;
                     buildSettings = {
                            COMBINE_HIDPI_IMAGES = YES;
                            GCC_GENERATE_DEBUGGING_SYMBOLS = NO;
                            GCC_INLINES_ARE_PRIVATE_EXTERN = NO;
                            GCC_OPTIMIZATION_LEVEL = 0;
                            GCC_PREPROCESSOR_DEFINITIONS = ("'CMAKE_INTDIR=\"$(CONFIGURATION)$(EFFECTIVE_PLATFORM_NAME)\"'", );
                            GCC_SYMBOLS_PRIVATE_EXTERN = NO;
                            INSTALL_PATH = "";
                            OTHER_CFLAGS = "  ";
                            OTHER_LDFLAGS = " ";
                            OTHER_REZFLAGS = "";
                            PRODUCT_NAME = ALL_BUILD;
                            SECTORDER_FLAGS = "";
                            SYMROOT = "/Users/ope/Desktop/lynx/proj/osx-xcode";
                            USE_HEADERMAP = NO;
                            WARNING_CFLAGS = ("-Wmost", "-Wno-four-char-constants", "-Wno-unknown-pragmas", );
                     };
                     name = Debug;
              };
              1EE94612C4A9416986E8D248 /* Release */ = {
                     isa = XCBuildConfiguration;
                     buildSettings = {
                            COMBINE_HIDPI_IMAGES = YES;
                            GCC_GENERATE_DEBUGGING_SYMBOLS = NO;
                            GCC_INLINES_ARE_PRIVATE_EXTERN = NO;
                            GCC_OPTIMIZATION_LEVEL = 0;
                            GCC_PREPROCESSOR_DEFINITIONS = ("'CMAKE_INTDIR=\"$(CONFIGURATION)$(EFFECTIVE_PLATFORM_NAME)\"'", );
                            GCC_SYMBOLS_PRIVATE_EXTERN = NO;
                            INSTALL_PATH = "";
                            OTHER_CFLAGS = "  ";
                            OTHER_LDFLAGS = " ";
                            OTHER_REZFLAGS = "";
                            PRODUCT_NAME = ALL_BUILD;
                            SECTORDER_FLAGS = "";
                            SYMROOT = "/Users/ope/Desktop/lynx/proj/osx-xcode";
                            USE_HEADERMAP = NO;
                            WARNING_CFLAGS = ("-Wmost", "-Wno-four-char-constants", "-Wno-unknown-pragmas", );
                     };
                     name = Release;
              };
              9990FC7CF6124524ADDE3BD3 /* MinSizeRel */ = {
                     isa = XCBuildConfiguration;
                     buildSettings = {
                            COMBINE_HIDPI_IMAGES = YES;
                            GCC_GENERATE_DEBUGGING_SYMBOLS = NO;
                            GCC_INLINES_ARE_PRIVATE_EXTERN = NO;
                            GCC_OPTIMIZATION_LEVEL = 0;
                            GCC_PREPROCESSOR_DEFINITIONS = ("'CMAKE_INTDIR=\"$(CONFIGURATION)$(EFFECTIVE_PLATFORM_NAME)\"'", );
                            GCC_SYMBOLS_PRIVATE_EXTERN = NO;
                            INSTALL_PATH = "";
                            OTHER_CFLAGS = "  ";
                            OTHER_LDFLAGS = " ";
                            OTHER_REZFLAGS = "";
                            PRODUCT_NAME = ALL_BUILD;
                            SECTORDER_FLAGS = "";
                            SYMROOT = "/Users/ope/Desktop/lynx/proj/osx-xcode";
                            USE_HEADERMAP = NO;
                            WARNING_CFLAGS = ("-Wmost", "-Wno-four-char-constants", "-Wno-unknown-pragmas", );
                     };
                     name = MinSizeRel;
              };
              9519DF5BAFDE49CABCDAB294 /* RelWithDebInfo */ = {
                     isa = XCBuildConfiguration;
                     buildSettings = {
                            COMBINE_HIDPI_IMAGES = YES;
                            GCC_GENERATE_DEBUGGING_SYMBOLS = NO;
                            GCC_INLINES_ARE_PRIVATE_EXTERN = NO;
                            GCC_OPTIMIZATION_LEVEL = 0;
                            GCC_PREPROCESSOR_DEFINITIONS = ("'CMAKE_INTDIR=\"$(CONFIGURATION)$(EFFECTIVE_PLATFORM_NAME)\"'", );
                            GCC_SYMBOLS_PRIVATE_EXTERN = NO;
                            INSTALL_PATH = "";
                            OTHER_CFLAGS = "  ";
                            OTHER_LDFLAGS = " ";
                            OTHER_REZFLAGS = "";
                            PRODUCT_NAME = ALL_BUILD;
                            SECTORDER_FLAGS = "";
                            SYMROOT = "/Users/ope/Desktop/lynx/proj/osx-xcode";
                            USE_HEADERMAP = NO;
                            WARNING_CFLAGS = ("-Wmost", "-Wno-four-char-constants", "-Wno-unknown-pragmas", );
                     };
                     name = RelWithDebInfo;
              };
              153C85D162754B008B6265F7 /* Debug */ = {
                     isa = XCBuildConfiguration;
                     buildSettings = {
                            COMBINE_HIDPI_IMAGES = YES;
                            GCC_GENERATE_DEBUGGING_SYMBOLS = NO;
                            GCC_INLINES_ARE_PRIVATE_EXTERN = NO;
                            GCC_OPTIMIZATION_LEVEL = 0;
                            GCC_PREPROCESSOR_DEFINITIONS = ("'CMAKE_INTDIR=\"$(CONFIGURATION)$(EFFECTIVE_PLATFORM_NAME)\"'", );
                            GCC_SYMBOLS_PRIVATE_EXTERN = NO;
                            INSTALL_PATH = "";
                            OTHER_CFLAGS = "  ";
                            OTHER_LDFLAGS = " ";
                            OTHER_REZFLAGS = "";
                            PRODUCT_NAME = ZERO_CHECK;
                            SECTORDER_FLAGS = "";
                            SYMROOT = "/Users/ope/Desktop/lynx/proj/osx-xcode";
                            USE_HEADERMAP = NO;
                            WARNING_CFLAGS = ("-Wmost", "-Wno-four-char-constants", "-Wno-unknown-pragmas", );
                     };
                     name = Debug;
              };
              E1B6C0C3C6D640D5A702A5CD /* Release */ = {
                     isa = XCBuildConfiguration;
                     buildSettings = {
                            COMBINE_HIDPI_IMAGES = YES;
                            GCC_GENERATE_DEBUGGING_SYMBOLS = NO;
                            GCC_INLINES_ARE_PRIVATE_EXTERN = NO;
                            GCC_OPTIMIZATION_LEVEL = 0;
                            GCC_PREPROCESSOR_DEFINITIONS = ("'CMAKE_INTDIR=\"$(CONFIGURATION)$(EFFECTIVE_PLATFORM_NAME)\"'", );
                            GCC_SYMBOLS_PRIVATE_EXTERN = NO;
                            INSTALL_PATH = "";
                            OTHER_CFLAGS = "  ";
                            OTHER_LDFLAGS = " ";
                            OTHER_REZFLAGS = "";
                            PRODUCT_NAME = ZERO_CHECK;
                            SECTORDER_FLAGS = "";
                            SYMROOT = "/Users/ope/Desktop/lynx/proj/osx-xcode";
                            USE_HEADERMAP = NO;
                            WARNING_CFLAGS = ("-Wmost", "-Wno-four-char-constants", "-Wno-unknown-pragmas", );
                     };
                     name = Release;
              };
              63B8339D8EE54570A326777F /* MinSizeRel */ = {
                     isa = XCBuildConfiguration;
                     buildSettings = {
                            COMBINE_HIDPI_IMAGES = YES;
                            GCC_GENERATE_DEBUGGING_SYMBOLS = NO;
                            GCC_INLINES_ARE_PRIVATE_EXTERN = NO;
                            GCC_OPTIMIZATION_LEVEL = 0;
                            GCC_PREPROCESSOR_DEFINITIONS = ("'CMAKE_INTDIR=\"$(CONFIGURATION)$(EFFECTIVE_PLATFORM_NAME)\"'", );
                            GCC_SYMBOLS_PRIVATE_EXTERN = NO;
                            INSTALL_PATH = "";
                            OTHER_CFLAGS = "  ";
                            OTHER_LDFLAGS = " ";
                            OTHER_REZFLAGS = "";
                            PRODUCT_NAME = ZERO_CHECK;
                            SECTORDER_FLAGS = "";
                            SYMROOT = "/Users/ope/Desktop/lynx/proj/osx-xcode";
                            USE_HEADERMAP = NO;
                            WARNING_CFLAGS = ("-Wmost", "-Wno-four-char-constants", "-Wno-unknown-pragmas", );
                     };
                     name = MinSizeRel;
              };
              640F3C10E7F949FB89605C50 /* RelWithDebInfo */ = {
                     isa = XCBuildConfiguration;
                     buildSettings = {
                            COMBINE_HIDPI_IMAGES = YES;
                            GCC_GENERATE_DEBUGGING_SYMBOLS = NO;
                            GCC_INLINES_ARE_PRIVATE_EXTERN = NO;
                            GCC_OPTIMIZATION_LEVEL = 0;
                            GCC_PREPROCESSOR_DEFINITIONS = ("'CMAKE_INTDIR=\"$(CONFIGURATION)$(EFFECTIVE_PLATFORM_NAME)\"'", );
                            GCC_SYMBOLS_PRIVATE_EXTERN = NO;
                            INSTALL_PATH = "";
                            OTHER_CFLAGS = "  ";
                            OTHER_LDFLAGS = " ";
                            OTHER_REZFLAGS = "";
                            PRODUCT_NAME = ZERO_CHECK;
                            SECTORDER_FLAGS = "";
                            SYMROOT = "/Users/ope/Desktop/lynx/proj/osx-xcode";
                            USE_HEADERMAP = NO;
                            WARNING_CFLAGS = ("-Wmost", "-Wno-four-char-constants", "-Wno-unknown-pragmas", );
                     };
                     name = RelWithDebInfo;
              };
              3C53EF00DCAC417186FF4F55 /* Debug */ = {
                     isa = XCBuildConfiguration;
                     buildSettings = {
                            COMBINE_HIDPI_IMAGES = YES;
                            EXECUTABLE_PREFIX = "";
                            EXECUTABLE_SUFFIX = "";
                            FRAMEWORK_SEARCH_PATHS = ("/Applications/Xcode.app/Contents/Developer/Platforms/MacOSX.platform/Developer/SDKs/MacOSX10.9.sdk/System/Library/Frameworks", );
                            GCC_GENERATE_DEBUGGING_SYMBOLS = YES;
                            GCC_INLINES_ARE_PRIVATE_EXTERN = NO;
                            GCC_OPTIMIZATION_LEVEL = 0;
                            GCC_PREPROCESSOR_DEFINITIONS = ("'CMAKE_INTDIR=\"$(CONFIGURATION)$(EFFECTIVE_PLATFORM_NAME)\"'", );
                            GCC_SYMBOLS_PRIVATE_EXTERN = NO;
                            INFOPLIST_FILE = "/Users/ope/Desktop/lynx/proj/osx-xcode/CMakeFiles/lynx.dir/Info.plist";
                            INSTALL_PATH = "";
                            LIBRARY_SEARCH_PATHS = "";
                            OTHER_CFLAGS = "           -isysroot /Applications/Xcode.app/Contents/Developer/Platforms/MacOSX.platform/Developer/SDKs/MacOSX10.9.sdk  ";
                            OTHER_CPLUSPLUSFLAGS = "           -isysroot /Applications/Xcode.app/Contents/Developer/Platforms/MacOSX.platform/Developer/SDKs/MacOSX10.9.sdk  ";
                            OTHER_LDFLAGS = "  -Wl,-search_paths_first -Wl,-headerpad_max_install_names  -framework Cocoa";
                            OTHER_REZFLAGS = "";
                            PRODUCT_NAME = lynx;
                            SECTORDER_FLAGS = "";
                            SYMROOT = "/Users/ope/Desktop/lynx/proj/osx-xcode";
                            USE_HEADERMAP = NO;
                            WARNING_CFLAGS = ("-Wmost", "-Wno-four-char-constants", "-Wno-unknown-pragmas", );
                     };
                     name = Debug;
              };
              37E9DECEF14740C8B4B7ED38 /* Release */ = {
                     isa = XCBuildConfiguration;
                     buildSettings = {
                            COMBINE_HIDPI_IMAGES = YES;
                            EXECUTABLE_PREFIX = "";
                            EXECUTABLE_SUFFIX = "";
                            FRAMEWORK_SEARCH_PATHS = ("/Applications/Xcode.app/Contents/Developer/Platforms/MacOSX.platform/Developer/SDKs/MacOSX10.9.sdk/System/Library/Frameworks", );
                            GCC_GENERATE_DEBUGGING_SYMBOLS = NO;
                            GCC_INLINES_ARE_PRIVATE_EXTERN = NO;
                            GCC_OPTIMIZATION_LEVEL = 0;
                            GCC_PREPROCESSOR_DEFINITIONS = ("'CMAKE_INTDIR=\"$(CONFIGURATION)$(EFFECTIVE_PLATFORM_NAME)\"'", );
                            GCC_SYMBOLS_PRIVATE_EXTERN = NO;
                            INFOPLIST_FILE = "/Users/ope/Desktop/lynx/proj/osx-xcode/CMakeFiles/lynx.dir/Info.plist";
                            INSTALL_PATH = "";
                            LIBRARY_SEARCH_PATHS = "";
                            OTHER_CFLAGS = "    -DNDEBUG         -isysroot /Applications/Xcode.app/Contents/Developer/Platforms/MacOSX.platform/Developer/SDKs/MacOSX10.9.sdk  ";
                            OTHER_CPLUSPLUSFLAGS = "    -DNDEBUG         -isysroot /Applications/Xcode.app/Contents/Developer/Platforms/MacOSX.platform/Developer/SDKs/MacOSX10.9.sdk  ";
                            OTHER_LDFLAGS = "  -Wl,-search_paths_first -Wl,-headerpad_max_install_names  -framework Cocoa";
                            OTHER_REZFLAGS = "";
                            PRODUCT_NAME = lynx;
                            SECTORDER_FLAGS = "";
                            SYMROOT = "/Users/ope/Desktop/lynx/proj/osx-xcode";
                            USE_HEADERMAP = NO;
                            WARNING_CFLAGS = ("-Wmost", "-Wno-four-char-constants", "-Wno-unknown-pragmas", );
                     };
                     name = Release;
              };
              6302376CD2114B1AA9949760 /* MinSizeRel */ = {
                     isa = XCBuildConfiguration;
                     buildSettings = {
                            COMBINE_HIDPI_IMAGES = YES;
                            EXECUTABLE_PREFIX = "";
                            EXECUTABLE_SUFFIX = "";
                            FRAMEWORK_SEARCH_PATHS = ("/Applications/Xcode.app/Contents/Developer/Platforms/MacOSX.platform/Developer/SDKs/MacOSX10.9.sdk/System/Library/Frameworks", );
                            GCC_GENERATE_DEBUGGING_SYMBOLS = NO;
                            GCC_INLINES_ARE_PRIVATE_EXTERN = NO;
                            GCC_OPTIMIZATION_LEVEL = 0;
                            GCC_PREPROCESSOR_DEFINITIONS = ("'CMAKE_INTDIR=\"$(CONFIGURATION)$(EFFECTIVE_PLATFORM_NAME)\"'", );
                            GCC_SYMBOLS_PRIVATE_EXTERN = NO;
                            INFOPLIST_FILE = "/Users/ope/Desktop/lynx/proj/osx-xcode/CMakeFiles/lynx.dir/Info.plist";
                            INSTALL_PATH = "";
                            LIBRARY_SEARCH_PATHS = "";
                            OTHER_CFLAGS = "    -DNDEBUG         -isysroot /Applications/Xcode.app/Contents/Developer/Platforms/MacOSX.platform/Developer/SDKs/MacOSX10.9.sdk  ";
                            OTHER_CPLUSPLUSFLAGS = "    -DNDEBUG         -isysroot /Applications/Xcode.app/Contents/Developer/Platforms/MacOSX.platform/Developer/SDKs/MacOSX10.9.sdk  ";
                            OTHER_LDFLAGS = "  -Wl,-search_paths_first -Wl,-headerpad_max_install_names  -framework Cocoa";
                            OTHER_REZFLAGS = "";
                            PRODUCT_NAME = lynx;
                            SECTORDER_FLAGS = "";
                            SYMROOT = "/Users/ope/Desktop/lynx/proj/osx-xcode";
                            USE_HEADERMAP = NO;
                            WARNING_CFLAGS = ("-Wmost", "-Wno-four-char-constants", "-Wno-unknown-pragmas", );
                     };
                     name = MinSizeRel;
              };
              FF9433500FD74DD48F5B0CE4 /* RelWithDebInfo */ = {
                     isa = XCBuildConfiguration;
                     buildSettings = {
                            COMBINE_HIDPI_IMAGES = YES;
                            EXECUTABLE_PREFIX = "";
                            EXECUTABLE_SUFFIX = "";
                            FRAMEWORK_SEARCH_PATHS = ("/Applications/Xcode.app/Contents/Developer/Platforms/MacOSX.platform/Developer/SDKs/MacOSX10.9.sdk/System/Library/Frameworks", );
                            GCC_GENERATE_DEBUGGING_SYMBOLS = YES;
                            GCC_INLINES_ARE_PRIVATE_EXTERN = NO;
                            GCC_OPTIMIZATION_LEVEL = 0;
                            GCC_PREPROCESSOR_DEFINITIONS = ("'CMAKE_INTDIR=\"$(CONFIGURATION)$(EFFECTIVE_PLATFORM_NAME)\"'", );
                            GCC_SYMBOLS_PRIVATE_EXTERN = NO;
                            INFOPLIST_FILE = "/Users/ope/Desktop/lynx/proj/osx-xcode/CMakeFiles/lynx.dir/Info.plist";
                            INSTALL_PATH = "";
                            LIBRARY_SEARCH_PATHS = "";
                            OTHER_CFLAGS = "       -DNDEBUG         -isysroot /Applications/Xcode.app/Contents/Developer/Platforms/MacOSX.platform/Developer/SDKs/MacOSX10.9.sdk  ";
                            OTHER_CPLUSPLUSFLAGS = "       -DNDEBUG         -isysroot /Applications/Xcode.app/Contents/Developer/Platforms/MacOSX.platform/Developer/SDKs/MacOSX10.9.sdk  ";
                            OTHER_LDFLAGS = "  -Wl,-search_paths_first -Wl,-headerpad_max_install_names  -framework Cocoa";
                            OTHER_REZFLAGS = "";
                            PRODUCT_NAME = lynx;
                            SECTORDER_FLAGS = "";
                            SYMROOT = "/Users/ope/Desktop/lynx/proj/osx-xcode";
                            USE_HEADERMAP = NO;
                            WARNING_CFLAGS = ("-Wmost", "-Wno-four-char-constants", "-Wno-unknown-pragmas", );
                     };
                     name = RelWithDebInfo;
              };
/* End XCBuildConfiguration section */

/* Begin XCConfigurationList section */
              C962FA327C814F60A2F0E072 /* Build configuration list for PBXProject  "lynx" */ = {
                     isa = XCConfigurationList;
                     buildConfigurations = (
                            63AE3FFF420949D79EB3112E /* Debug */,
                            6B77EE701E5341A19014A88F /* Release */,
                            5756B404285446AC8B72A147 /* MinSizeRel */,
                            D35C11AC4A8446DC9D106C45 /* RelWithDebInfo */,
                     );
                     defaultConfigurationIsVisible = 0;
                     defaultConfigurationName = Debug;
              };
              2F3125014C6E4BCDBA623AA9 /* Build configuration list for PBXAggregateTarget "ALL_BUILD" */ = {
                     isa = XCConfigurationList;
                     buildConfigurations = (
                            D55A04D0FD1F4FAD9BC17712 /* Debug */,
                            1EE94612C4A9416986E8D248 /* Release */,
                            9990FC7CF6124524ADDE3BD3 /* MinSizeRel */,
                            9519DF5BAFDE49CABCDAB294 /* RelWithDebInfo */,
                     );
                     defaultConfigurationIsVisible = 0;
                     defaultConfigurationName = Debug;
              };
              CB7FBC84339248ACAFD256B4 /* Build configuration list for PBXAggregateTarget "ZERO_CHECK" */ = {
                     isa = XCConfigurationList;
                     buildConfigurations = (
                            153C85D162754B008B6265F7 /* Debug */,
                            E1B6C0C3C6D640D5A702A5CD /* Release */,
                            63B8339D8EE54570A326777F /* MinSizeRel */,
                            640F3C10E7F949FB89605C50 /* RelWithDebInfo */,
                     );
                     defaultConfigurationIsVisible = 0;
                     defaultConfigurationName = Debug;
              };
              7E44154758AF48D0BA08F4AE /* Build configuration list for PBXNativeTarget "lynx" */ = {
                     isa = XCConfigurationList;
                     buildConfigurations = (
                            3C53EF00DCAC417186FF4F55 /* Debug */,
                            37E9DECEF14740C8B4B7ED38 /* Release */,
                            6302376CD2114B1AA9949760 /* MinSizeRel */,
                            FF9433500FD74DD48F5B0CE4 /* RelWithDebInfo */,
                     );
                     defaultConfigurationIsVisible = 0;
                     defaultConfigurationName = Debug;
              };
/* End XCConfigurationList section */
       };
       rootObject = EBE64A0D1337409392D1EF13;
}
